// !$*UTF8*$!
{
	archiveVersion = 1;
	classes = {
	};
	objectVersion = 46;
	objects = {

/* Begin PBXBuildFile section */
		2ED0C0CA173AF34D00661DF7 /* UIKit.framework in Frameworks */ = {isa = PBXBuildFile; fileRef = 2ED0C0C9173AF34D00661DF7 /* UIKit.framework */; };
		2ED0C0CC173AF34D00661DF7 /* Foundation.framework in Frameworks */ = {isa = PBXBuildFile; fileRef = 2ED0C0CB173AF34D00661DF7 /* Foundation.framework */; };
		2ED0C0CE173AF34D00661DF7 /* CoreGraphics.framework in Frameworks */ = {isa = PBXBuildFile; fileRef = 2ED0C0CD173AF34D00661DF7 /* CoreGraphics.framework */; };
		2ED0C0D4173AF34D00661DF7 /* InfoPlist.strings in Resources */ = {isa = PBXBuildFile; fileRef = 2ED0C0D2173AF34D00661DF7 /* InfoPlist.strings */; };
		2ED0C0D6173AF34D00661DF7 /* main.m in Sources */ = {isa = PBXBuildFile; fileRef = 2ED0C0D5173AF34D00661DF7 /* main.m */; };
		2ED0C0DA173AF34D00661DF7 /* AppDelegate.m in Sources */ = {isa = PBXBuildFile; fileRef = 2ED0C0D9173AF34D00661DF7 /* AppDelegate.m */; };
		2ED0C0DC173AF34D00661DF7 /* Default.png in Resources */ = {isa = PBXBuildFile; fileRef = 2ED0C0DB173AF34D00661DF7 /* Default.png */; };
		2ED0C0DE173AF34D00661DF7 /* Default@2x.png in Resources */ = {isa = PBXBuildFile; fileRef = 2ED0C0DD173AF34D00661DF7 /* Default@2x.png */; };
		2ED0C0E0173AF34D00661DF7 /* Default-568h@2x.png in Resources */ = {isa = PBXBuildFile; fileRef = 2ED0C0DF173AF34D00661DF7 /* Default-568h@2x.png */; };
		2ED0C0E3173AF34D00661DF7 /* MainStoryboard.storyboard in Resources */ = {isa = PBXBuildFile; fileRef = 2ED0C0E1173AF34D00661DF7 /* MainStoryboard.storyboard */; };
		2ED0C0E8173AF34D00661DF7 /* first.png in Resources */ = {isa = PBXBuildFile; fileRef = 2ED0C0E7173AF34D00661DF7 /* first.png */; };
		2ED0C0EA173AF34D00661DF7 /* first@2x.png in Resources */ = {isa = PBXBuildFile; fileRef = 2ED0C0E9173AF34D00661DF7 /* first@2x.png */; };
		2ED0C0EF173AF34D00661DF7 /* second.png in Resources */ = {isa = PBXBuildFile; fileRef = 2ED0C0EE173AF34D00661DF7 /* second.png */; };
		2ED0C0F1173AF34D00661DF7 /* second@2x.png in Resources */ = {isa = PBXBuildFile; fileRef = 2ED0C0F0173AF34D00661DF7 /* second@2x.png */; };
		2ED0C0FC173AF40A00661DF7 /* LoginViewController.m in Sources */ = {isa = PBXBuildFile; fileRef = 2ED0C0FA173AF40A00661DF7 /* LoginViewController.m */; };
		2ED0C0FD173AF40A00661DF7 /* LoginViewController.xib in Resources */ = {isa = PBXBuildFile; fileRef = 2ED0C0FB173AF40A00661DF7 /* LoginViewController.xib */; };
		2EEC6970173E4A92007200A4 /* BrowseViewController.m in Sources */ = {isa = PBXBuildFile; fileRef = 2EEC696E173E4A92007200A4 /* BrowseViewController.m */; };
		2EEC6971173E4A92007200A4 /* BrowseViewController.xib in Resources */ = {isa = PBXBuildFile; fileRef = 2EEC696F173E4A92007200A4 /* BrowseViewController.xib */; };
		2EEC6976173E4AB1007200A4 /* NewsFeedViewController.m in Sources */ = {isa = PBXBuildFile; fileRef = 2EEC6974173E4AB1007200A4 /* NewsFeedViewController.m */; };
		2EEC6977173E4AB1007200A4 /* NewsFeedViewController.xib in Resources */ = {isa = PBXBuildFile; fileRef = 2EEC6975173E4AB1007200A4 /* NewsFeedViewController.xib */; };
		2EEC697F173E4BA8007200A4 /* ContactsViewController.m in Sources */ = {isa = PBXBuildFile; fileRef = 2EEC697D173E4BA8007200A4 /* ContactsViewController.m */; };
		2EEC6985173E4CD0007200A4 /* ProfileViewController.m in Sources */ = {isa = PBXBuildFile; fileRef = 2EEC6983173E4CD0007200A4 /* ProfileViewController.m */; };
		2EEC698B173E4D22007200A4 /* MessagesViewController.m in Sources */ = {isa = PBXBuildFile; fileRef = 2EEC6989173E4D22007200A4 /* MessagesViewController.m */; };
		2EEC698C173E4D22007200A4 /* MessagesViewController.xib in Resources */ = {isa = PBXBuildFile; fileRef = 2EEC698A173E4D22007200A4 /* MessagesViewController.xib */; };
		A4A6272617415A48004F4AB5 /* ChangePasswordViewController.m in Sources */ = {isa = PBXBuildFile; fileRef = A4A6272517415A48004F4AB5 /* ChangePasswordViewController.m */; };
		A4A6272817416A2F004F4AB5 /* Background-color-wallpaper-7.jpg in Resources */ = {isa = PBXBuildFile; fileRef = A4A6272717416A2F004F4AB5 /* Background-color-wallpaper-7.jpg */; };
		A4A6272A17416F77004F4AB5 /* 1.jpg in Resources */ = {isa = PBXBuildFile; fileRef = A4A6272917416F77004F4AB5 /* 1.jpg */; };
		A4A6272C17416F7F004F4AB5 /* 2.jpg in Resources */ = {isa = PBXBuildFile; fileRef = A4A6272B17416F7F004F4AB5 /* 2.jpg */; };
		A4C17EE517400868002F922D /* images-1.jpeg in Resources */ = {isa = PBXBuildFile; fileRef = A4C17EE417400868002F922D /* images-1.jpeg */; };
/* End PBXBuildFile section */

/* Begin PBXFileReference section */
		2ED0C0C6173AF34D00661DF7 /* DoctorsBreak.app */ = {isa = PBXFileReference; explicitFileType = wrapper.application; includeInIndex = 0; path = DoctorsBreak.app; sourceTree = BUILT_PRODUCTS_DIR; };
		2ED0C0C9173AF34D00661DF7 /* UIKit.framework */ = {isa = PBXFileReference; lastKnownFileType = wrapper.framework; name = UIKit.framework; path = System/Library/Frameworks/UIKit.framework; sourceTree = SDKROOT; };
		2ED0C0CB173AF34D00661DF7 /* Foundation.framework */ = {isa = PBXFileReference; lastKnownFileType = wrapper.framework; name = Foundation.framework; path = System/Library/Frameworks/Foundation.framework; sourceTree = SDKROOT; };
		2ED0C0CD173AF34D00661DF7 /* CoreGraphics.framework */ = {isa = PBXFileReference; lastKnownFileType = wrapper.framework; name = CoreGraphics.framework; path = System/Library/Frameworks/CoreGraphics.framework; sourceTree = SDKROOT; };
		2ED0C0D1173AF34D00661DF7 /* DoctorsBreak-Info.plist */ = {isa = PBXFileReference; lastKnownFileType = text.plist.xml; path = "DoctorsBreak-Info.plist"; sourceTree = "<group>"; };
		2ED0C0D3173AF34D00661DF7 /* en */ = {isa = PBXFileReference; lastKnownFileType = text.plist.strings; name = en; path = en.lproj/InfoPlist.strings; sourceTree = "<group>"; };
		2ED0C0D5173AF34D00661DF7 /* main.m */ = {isa = PBXFileReference; lastKnownFileType = sourcecode.c.objc; path = main.m; sourceTree = "<group>"; };
		2ED0C0D7173AF34D00661DF7 /* DoctorsBreak-Prefix.pch */ = {isa = PBXFileReference; lastKnownFileType = sourcecode.c.h; path = "DoctorsBreak-Prefix.pch"; sourceTree = "<group>"; };
		2ED0C0D8173AF34D00661DF7 /* AppDelegate.h */ = {isa = PBXFileReference; lastKnownFileType = sourcecode.c.h; path = AppDelegate.h; sourceTree = "<group>"; };
		2ED0C0D9173AF34D00661DF7 /* AppDelegate.m */ = {isa = PBXFileReference; lastKnownFileType = sourcecode.c.objc; path = AppDelegate.m; sourceTree = "<group>"; };
		2ED0C0DB173AF34D00661DF7 /* Default.png */ = {isa = PBXFileReference; lastKnownFileType = image.png; path = Default.png; sourceTree = "<group>"; };
		2ED0C0DD173AF34D00661DF7 /* Default@2x.png */ = {isa = PBXFileReference; lastKnownFileType = image.png; path = "Default@2x.png"; sourceTree = "<group>"; };
		2ED0C0DF173AF34D00661DF7 /* Default-568h@2x.png */ = {isa = PBXFileReference; lastKnownFileType = image.png; path = "Default-568h@2x.png"; sourceTree = "<group>"; };
		2ED0C0E2173AF34D00661DF7 /* en */ = {isa = PBXFileReference; lastKnownFileType = file.storyboard; name = en; path = en.lproj/MainStoryboard.storyboard; sourceTree = "<group>"; };
		2ED0C0E7173AF34D00661DF7 /* first.png */ = {isa = PBXFileReference; lastKnownFileType = image.png; path = first.png; sourceTree = "<group>"; };
		2ED0C0E9173AF34D00661DF7 /* first@2x.png */ = {isa = PBXFileReference; lastKnownFileType = image.png; path = "first@2x.png"; sourceTree = "<group>"; };
		2ED0C0EE173AF34D00661DF7 /* second.png */ = {isa = PBXFileReference; lastKnownFileType = image.png; path = second.png; sourceTree = "<group>"; };
		2ED0C0F0173AF34D00661DF7 /* second@2x.png */ = {isa = PBXFileReference; lastKnownFileType = image.png; path = "second@2x.png"; sourceTree = "<group>"; };
		2ED0C0F9173AF40A00661DF7 /* LoginViewController.h */ = {isa = PBXFileReference; fileEncoding = 4; lastKnownFileType = sourcecode.c.h; path = LoginViewController.h; sourceTree = "<group>"; };
		2ED0C0FA173AF40A00661DF7 /* LoginViewController.m */ = {isa = PBXFileReference; fileEncoding = 4; lastKnownFileType = sourcecode.c.objc; path = LoginViewController.m; sourceTree = "<group>"; };
		2ED0C0FB173AF40A00661DF7 /* LoginViewController.xib */ = {isa = PBXFileReference; fileEncoding = 4; lastKnownFileType = file.xib; path = LoginViewController.xib; sourceTree = "<group>"; };
		2EEC696D173E4A92007200A4 /* BrowseViewController.h */ = {isa = PBXFileReference; fileEncoding = 4; lastKnownFileType = sourcecode.c.h; path = BrowseViewController.h; sourceTree = "<group>"; };
		2EEC696E173E4A92007200A4 /* BrowseViewController.m */ = {isa = PBXFileReference; fileEncoding = 4; lastKnownFileType = sourcecode.c.objc; path = BrowseViewController.m; sourceTree = "<group>"; };
		2EEC696F173E4A92007200A4 /* BrowseViewController.xib */ = {isa = PBXFileReference; fileEncoding = 4; lastKnownFileType = file.xib; path = BrowseViewController.xib; sourceTree = "<group>"; };
		2EEC6973173E4AB1007200A4 /* NewsFeedViewController.h */ = {isa = PBXFileReference; fileEncoding = 4; lastKnownFileType = sourcecode.c.h; path = NewsFeedViewController.h; sourceTree = "<group>"; };
		2EEC6974173E4AB1007200A4 /* NewsFeedViewController.m */ = {isa = PBXFileReference; fileEncoding = 4; lastKnownFileType = sourcecode.c.objc; path = NewsFeedViewController.m; sourceTree = "<group>"; };
		2EEC6975173E4AB1007200A4 /* NewsFeedViewController.xib */ = {isa = PBXFileReference; fileEncoding = 4; lastKnownFileType = file.xib; path = NewsFeedViewController.xib; sourceTree = "<group>"; };
		2EEC697C173E4BA8007200A4 /* ContactsViewController.h */ = {isa = PBXFileReference; fileEncoding = 4; lastKnownFileType = sourcecode.c.h; path = ContactsViewController.h; sourceTree = "<group>"; };
		2EEC697D173E4BA8007200A4 /* ContactsViewController.m */ = {isa = PBXFileReference; fileEncoding = 4; lastKnownFileType = sourcecode.c.objc; path = ContactsViewController.m; sourceTree = "<group>"; };
		2EEC6982173E4CD0007200A4 /* ProfileViewController.h */ = {isa = PBXFileReference; fileEncoding = 4; lastKnownFileType = sourcecode.c.h; path = ProfileViewController.h; sourceTree = "<group>"; };
		2EEC6983173E4CD0007200A4 /* ProfileViewController.m */ = {isa = PBXFileReference; fileEncoding = 4; lastKnownFileType = sourcecode.c.objc; path = ProfileViewController.m; sourceTree = "<group>"; };
		2EEC6988173E4D22007200A4 /* MessagesViewController.h */ = {isa = PBXFileReference; fileEncoding = 4; lastKnownFileType = sourcecode.c.h; path = MessagesViewController.h; sourceTree = "<group>"; };
		2EEC6989173E4D22007200A4 /* MessagesViewController.m */ = {isa = PBXFileReference; fileEncoding = 4; lastKnownFileType = sourcecode.c.objc; path = MessagesViewController.m; sourceTree = "<group>"; };
		2EEC698A173E4D22007200A4 /* MessagesViewController.xib */ = {isa = PBXFileReference; fileEncoding = 4; lastKnownFileType = file.xib; path = MessagesViewController.xib; sourceTree = "<group>"; };
		A4A6272417415A48004F4AB5 /* ChangePasswordViewController.h */ = {isa = PBXFileReference; fileEncoding = 4; lastKnownFileType = sourcecode.c.h; path = ChangePasswordViewController.h; sourceTree = "<group>"; };
		A4A6272517415A48004F4AB5 /* ChangePasswordViewController.m */ = {isa = PBXFileReference; fileEncoding = 4; lastKnownFileType = sourcecode.c.objc; path = ChangePasswordViewController.m; sourceTree = "<group>"; };
		A4A6272717416A2F004F4AB5 /* Background-color-wallpaper-7.jpg */ = {isa = PBXFileReference; lastKnownFileType = image.jpeg; path = "Background-color-wallpaper-7.jpg"; sourceTree = "<group>"; };
		A4A6272917416F77004F4AB5 /* 1.jpg */ = {isa = PBXFileReference; lastKnownFileType = image.jpeg; path = 1.jpg; sourceTree = "<group>"; };
		A4A6272B17416F7F004F4AB5 /* 2.jpg */ = {isa = PBXFileReference; lastKnownFileType = image.jpeg; path = 2.jpg; sourceTree = "<group>"; };
		A4C17EE417400868002F922D /* images-1.jpeg */ = {isa = PBXFileReference; lastKnownFileType = image.jpeg; path = "images-1.jpeg"; sourceTree = "<group>"; };
/* End PBXFileReference section */

/* Begin PBXFrameworksBuildPhase section */
		2ED0C0C3173AF34D00661DF7 /* Frameworks */ = {
			isa = PBXFrameworksBuildPhase;
			buildActionMask = 2147483647;
			files = (
				2ED0C0CA173AF34D00661DF7 /* UIKit.framework in Frameworks */,
				2ED0C0CC173AF34D00661DF7 /* Foundation.framework in Frameworks */,
				2ED0C0CE173AF34D00661DF7 /* CoreGraphics.framework in Frameworks */,
			);
			runOnlyForDeploymentPostprocessing = 0;
		};
/* End PBXFrameworksBuildPhase section */

/* Begin PBXGroup section */
		2ED0C0BD173AF34D00661DF7 = {
			isa = PBXGroup;
			children = (
				2ED0C0CF173AF34D00661DF7 /* DoctorsBreak */,
				2ED0C0C8173AF34D00661DF7 /* Frameworks */,
				2ED0C0C7173AF34D00661DF7 /* Products */,
			);
			sourceTree = "<group>";
		};
		2ED0C0C7173AF34D00661DF7 /* Products */ = {
			isa = PBXGroup;
			children = (
				2ED0C0C6173AF34D00661DF7 /* DoctorsBreak.app */,
			);
			name = Products;
			sourceTree = "<group>";
		};
		2ED0C0C8173AF34D00661DF7 /* Frameworks */ = {
			isa = PBXGroup;
			children = (
				2ED0C0C9173AF34D00661DF7 /* UIKit.framework */,
				2ED0C0CB173AF34D00661DF7 /* Foundation.framework */,
				2ED0C0CD173AF34D00661DF7 /* CoreGraphics.framework */,
			);
			name = Frameworks;
			sourceTree = "<group>";
		};
		2ED0C0CF173AF34D00661DF7 /* DoctorsBreak */ = {
			isa = PBXGroup;
			children = (
				2ED0C0D8173AF34D00661DF7 /* AppDelegate.h */,
				2ED0C0D9173AF34D00661DF7 /* AppDelegate.m */,
				2EEC697A173E4B06007200A4 /* View */,
				2EEC6978173E4AC3007200A4 /* Model */,
				2EEC6979173E4ACF007200A4 /* Controller */,
				2ED0C0D0173AF34D00661DF7 /* Supporting Files */,
			);
			path = DoctorsBreak;
			sourceTree = "<group>";
		};
		2ED0C0D0173AF34D00661DF7 /* Supporting Files */ = {
			isa = PBXGroup;
			children = (
				2ED0C0F7173AF3C700661DF7 /* Images */,
				2ED0C0D1173AF34D00661DF7 /* DoctorsBreak-Info.plist */,
				2ED0C0D2173AF34D00661DF7 /* InfoPlist.strings */,
				2ED0C0D5173AF34D00661DF7 /* main.m */,
				2ED0C0D7173AF34D00661DF7 /* DoctorsBreak-Prefix.pch */,
				2ED0C0DB173AF34D00661DF7 /* Default.png */,
				2ED0C0DD173AF34D00661DF7 /* Default@2x.png */,
				2ED0C0DF173AF34D00661DF7 /* Default-568h@2x.png */,
			);
			name = "Supporting Files";
			sourceTree = "<group>";
		};
		2ED0C0F7173AF3C700661DF7 /* Images */ = {
			isa = PBXGroup;
			children = (
				A4C17EE417400868002F922D /* images-1.jpeg */,
				A4A6272917416F77004F4AB5 /* 1.jpg */,
				A4A6272B17416F7F004F4AB5 /* 2.jpg */,
				A4A6272717416A2F004F4AB5 /* Background-color-wallpaper-7.jpg */,
				2ED0C0E7173AF34D00661DF7 /* first.png */,
				2ED0C0E9173AF34D00661DF7 /* first@2x.png */,
				2ED0C0EE173AF34D00661DF7 /* second.png */,
				2ED0C0F0173AF34D00661DF7 /* second@2x.png */,
			);
			name = Images;
			sourceTree = "<group>";
		};
		2ED0C0F8173AF3E400661DF7 /* Login */ = {
			isa = PBXGroup;
			children = (
				2ED0C0F9173AF40A00661DF7 /* LoginViewController.h */,
				2ED0C0FA173AF40A00661DF7 /* LoginViewController.m */,
			);
			name = Login;
			sourceTree = "<group>";
		};
		2EEC696C173E4A0C007200A4 /* Browse */ = {
			isa = PBXGroup;
			children = (
				2EEC696D173E4A92007200A4 /* BrowseViewController.h */,
				2EEC696E173E4A92007200A4 /* BrowseViewController.m */,
				2EEC696F173E4A92007200A4 /* BrowseViewController.xib */,
			);
			name = Browse;
			sourceTree = "<group>";
		};
		2EEC6972173E4A9B007200A4 /* NewsFeed */ = {
			isa = PBXGroup;
			children = (
				2EEC6973173E4AB1007200A4 /* NewsFeedViewController.h */,
				2EEC6974173E4AB1007200A4 /* NewsFeedViewController.m */,
				2EEC6975173E4AB1007200A4 /* NewsFeedViewController.xib */,
			);
			name = NewsFeed;
			sourceTree = "<group>";
		};
		2EEC6978173E4AC3007200A4 /* Model */ = {
			isa = PBXGroup;
			children = (
			);
			name = Model;
			sourceTree = "<group>";
		};
		2EEC6979173E4ACF007200A4 /* Controller */ = {
			isa = PBXGroup;
			children = (
				2ED0C0F8173AF3E400661DF7 /* Login */,
				2EEC6987173E4D11007200A4 /* Messages */,
				2EEC6981173E4CC2007200A4 /* Profile */,
				2EEC697B173E4B96007200A4 /* Contacts */,
				2EEC696C173E4A0C007200A4 /* Browse */,
				2EEC6972173E4A9B007200A4 /* NewsFeed */,
			);
			name = Controller;
			sourceTree = "<group>";
		};
		2EEC697A173E4B06007200A4 /* View */ = {
			isa = PBXGroup;
			children = (
				2ED0C0E1173AF34D00661DF7 /* MainStoryboard.storyboard */,
				2ED0C0FB173AF40A00661DF7 /* LoginViewController.xib */,
			);
			name = View;
			sourceTree = "<group>";
		};
		2EEC697B173E4B96007200A4 /* Contacts */ = {
			isa = PBXGroup;
			children = (
				2EEC697C173E4BA8007200A4 /* ContactsViewController.h */,
				2EEC697D173E4BA8007200A4 /* ContactsViewController.m */,
			);
			name = Contacts;
			sourceTree = "<group>";
		};
		2EEC6981173E4CC2007200A4 /* Profile */ = {
			isa = PBXGroup;
			children = (
				2EEC6982173E4CD0007200A4 /* ProfileViewController.h */,
				2EEC6983173E4CD0007200A4 /* ProfileViewController.m */,
				A4A6272417415A48004F4AB5 /* ChangePasswordViewController.h */,
				A4A6272517415A48004F4AB5 /* ChangePasswordViewController.m */,
			);
			name = Profile;
			sourceTree = "<group>";
		};
		2EEC6987173E4D11007200A4 /* Messages */ = {
			isa = PBXGroup;
			children = (
				2EEC6988173E4D22007200A4 /* MessagesViewController.h */,
				2EEC6989173E4D22007200A4 /* MessagesViewController.m */,
				2EEC698A173E4D22007200A4 /* MessagesViewController.xib */,
			);
			name = Messages;
			sourceTree = "<group>";
		};
/* End PBXGroup section */

/* Begin PBXNativeTarget section */
		2ED0C0C5173AF34D00661DF7 /* DoctorsBreak */ = {
			isa = PBXNativeTarget;
			buildConfigurationList = 2ED0C0F4173AF34D00661DF7 /* Build configuration list for PBXNativeTarget "DoctorsBreak" */;
			buildPhases = (
				2ED0C0C2173AF34D00661DF7 /* Sources */,
				2ED0C0C3173AF34D00661DF7 /* Frameworks */,
				2ED0C0C4173AF34D00661DF7 /* Resources */,
			);
			buildRules = (
			);
			dependencies = (
			);
			name = DoctorsBreak;
			productName = DoctorsBreak;
			productReference = 2ED0C0C6173AF34D00661DF7 /* DoctorsBreak.app */;
			productType = "com.apple.product-type.application";
		};
/* End PBXNativeTarget section */

/* Begin PBXProject section */
		2ED0C0BE173AF34D00661DF7 /* Project object */ = {
			isa = PBXProject;
			attributes = {
				LastUpgradeCheck = 0460;
				ORGANIZATIONNAME = "Stanimir Nikolov";
			};
			buildConfigurationList = 2ED0C0C1173AF34D00661DF7 /* Build configuration list for PBXProject "DoctorsBreak" */;
			compatibilityVersion = "Xcode 3.2";
			developmentRegion = English;
			hasScannedForEncodings = 0;
			knownRegions = (
				en,
			);
			mainGroup = 2ED0C0BD173AF34D00661DF7;
			productRefGroup = 2ED0C0C7173AF34D00661DF7 /* Products */;
			projectDirPath = "";
			projectRoot = "";
			targets = (
				2ED0C0C5173AF34D00661DF7 /* DoctorsBreak */,
			);
		};
/* End PBXProject section */

/* Begin PBXResourcesBuildPhase section */
		2ED0C0C4173AF34D00661DF7 /* Resources */ = {
			isa = PBXResourcesBuildPhase;
			buildActionMask = 2147483647;
			files = (
				2ED0C0D4173AF34D00661DF7 /* InfoPlist.strings in Resources */,
				2ED0C0DC173AF34D00661DF7 /* Default.png in Resources */,
				2ED0C0DE173AF34D00661DF7 /* Default@2x.png in Resources */,
				2ED0C0E0173AF34D00661DF7 /* Default-568h@2x.png in Resources */,
				2ED0C0E3173AF34D00661DF7 /* MainStoryboard.storyboard in Resources */,
				2ED0C0E8173AF34D00661DF7 /* first.png in Resources */,
				2ED0C0EA173AF34D00661DF7 /* first@2x.png in Resources */,
				2ED0C0EF173AF34D00661DF7 /* second.png in Resources */,
				2ED0C0F1173AF34D00661DF7 /* second@2x.png in Resources */,
				2ED0C0FD173AF40A00661DF7 /* LoginViewController.xib in Resources */,
				2EEC6971173E4A92007200A4 /* BrowseViewController.xib in Resources */,
				2EEC6977173E4AB1007200A4 /* NewsFeedViewController.xib in Resources */,
				2EEC698C173E4D22007200A4 /* MessagesViewController.xib in Resources */,
				A4C17EE517400868002F922D /* images-1.jpeg in Resources */,
				A4A6272817416A2F004F4AB5 /* Background-color-wallpaper-7.jpg in Resources */,
				A4A6272A17416F77004F4AB5 /* 1.jpg in Resources */,
				A4A6272C17416F7F004F4AB5 /* 2.jpg in Resources */,
			);
			runOnlyForDeploymentPostprocessing = 0;
		};
/* End PBXResourcesBuildPhase section */

/* Begin PBXSourcesBuildPhase section */
		2ED0C0C2173AF34D00661DF7 /* Sources */ = {
			isa = PBXSourcesBuildPhase;
			buildActionMask = 2147483647;
			files = (
				2ED0C0D6173AF34D00661DF7 /* main.m in Sources */,
				2ED0C0DA173AF34D00661DF7 /* AppDelegate.m in Sources */,
				2ED0C0FC173AF40A00661DF7 /* LoginViewController.m in Sources */,
				2EEC6970173E4A92007200A4 /* BrowseViewController.m in Sources */,
				2EEC6976173E4AB1007200A4 /* NewsFeedViewController.m in Sources */,
				2EEC697F173E4BA8007200A4 /* ContactsViewController.m in Sources */,
				2EEC6985173E4CD0007200A4 /* ProfileViewController.m in Sources */,
				2EEC698B173E4D22007200A4 /* MessagesViewController.m in Sources */,
				A4A6272617415A48004F4AB5 /* ChangePasswordViewController.m in Sources */,
			);
			runOnlyForDeploymentPostprocessing = 0;
		};
/* End PBXSourcesBuildPhase section */

/* Begin PBXVariantGroup section */
		2ED0C0D2173AF34D00661DF7 /* InfoPlist.strings */ = {
			isa = PBXVariantGroup;
			children = (
				2ED0C0D3173AF34D00661DF7 /* en */,
			);
			name = InfoPlist.strings;
			sourceTree = "<group>";
		};
		2ED0C0E1173AF34D00661DF7 /* MainStoryboard.storyboard */ = {
			isa = PBXVariantGroup;
			children = (
				2ED0C0E2173AF34D00661DF7 /* en */,
			);
			name = MainStoryboard.storyboard;
			sourceTree = "<group>";
		};
/* End PBXVariantGroup section */

/* Begin XCBuildConfiguration section */
		2ED0C0F2173AF34D00661DF7 /* Debug */ = {
			isa = XCBuildConfiguration;
			buildSettings = {
				ALWAYS_SEARCH_USER_PATHS = NO;
				CLANG_CXX_LANGUAGE_STANDARD = "gnu++0x";
				CLANG_CXX_LIBRARY = "libc++";
				CLANG_ENABLE_OBJC_ARC = YES;
				CLANG_WARN_CONSTANT_CONVERSION = YES;
				CLANG_WARN_EMPTY_BODY = YES;
				CLANG_WARN_ENUM_CONVERSION = YES;
				CLANG_WARN_INT_CONVERSION = YES;
				CLANG_WARN__DUPLICATE_METHOD_MATCH = YES;
				"CODE_SIGN_IDENTITY[sdk=iphoneos*]" = "iPhone Developer";
				COPY_PHASE_STRIP = NO;
				GCC_C_LANGUAGE_STANDARD = gnu99;
				GCC_DYNAMIC_NO_PIC = NO;
				GCC_OPTIMIZATION_LEVEL = 0;
				GCC_PREPROCESSOR_DEFINITIONS = (
					"DEBUG=1",
					"$(inherited)",
				);
				GCC_SYMBOLS_PRIVATE_EXTERN = NO;
				GCC_WARN_ABOUT_RETURN_TYPE = YES;
				GCC_WARN_UNINITIALIZED_AUTOS = YES;
				GCC_WARN_UNUSED_VARIABLE = YES;
				IPHONEOS_DEPLOYMENT_TARGET = 6.1;
				ONLY_ACTIVE_ARCH = YES;
				SDKROOT = iphoneos;
			};
			name = Debug;
		};
		2ED0C0F3173AF34D00661DF7 /* Release */ = {
			isa = XCBuildConfiguration;
			buildSettings = {
				ALWAYS_SEARCH_USER_PATHS = NO;
				CLANG_CXX_LANGUAGE_STANDARD = "gnu++0x";
				CLANG_CXX_LIBRARY = "libc++";
				CLANG_ENABLE_OBJC_ARC = YES;
				CLANG_WARN_CONSTANT_CONVERSION = YES;
				CLANG_WARN_EMPTY_BODY = YES;
				CLANG_WARN_ENUM_CONVERSION = YES;
				CLANG_WARN_INT_CONVERSION = YES;
				CLANG_WARN__DUPLICATE_METHOD_MATCH = YES;
				"CODE_SIGN_IDENTITY[sdk=iphoneos*]" = "iPhone Developer";
				COPY_PHASE_STRIP = YES;
				GCC_C_LANGUAGE_STANDARD = gnu99;
				GCC_WARN_ABOUT_RETURN_TYPE = YES;
				GCC_WARN_UNINITIALIZED_AUTOS = YES;
				GCC_WARN_UNUSED_VARIABLE = YES;
				IPHONEOS_DEPLOYMENT_TARGET = 6.1;
				OTHER_CFLAGS = "-DNS_BLOCK_ASSERTIONS=1";
				SDKROOT = iphoneos;
				VALIDATE_PRODUCT = YES;
			};
			name = Release;
		};
		2ED0C0F5173AF34D00661DF7 /* Debug */ = {
			isa = XCBuildConfiguration;
			buildSettings = {
				GCC_PRECOMPILE_PREFIX_HEADER = YES;
				GCC_PREFIX_HEADER = "DoctorsBreak/DoctorsBreak-Prefix.pch";
				INFOPLIST_FILE = "DoctorsBreak/DoctorsBreak-Info.plist";
				PRODUCT_NAME = "$(TARGET_NAME)";
				WRAPPER_EXTENSION = app;
			};
			name = Debug;
		};
		2ED0C0F6173AF34D00661DF7 /* Release */ = {
			isa = XCBuildConfiguration;
			buildSettings = {
				GCC_PRECOMPILE_PREFIX_HEADER = YES;
				GCC_PREFIX_HEADER = "DoctorsBreak/DoctorsBreak-Prefix.pch";
				INFOPLIST_FILE = "DoctorsBreak/DoctorsBreak-Info.plist";
				PRODUCT_NAME = "$(TARGET_NAME)";
				WRAPPER_EXTENSION = app;
			};
			name = Release;
		};
/* End XCBuildConfiguration section */

/* Begin XCConfigurationList section */
		2ED0C0C1173AF34D00661DF7 /* Build configuration list for PBXProject "DoctorsBreak" */ = {
			isa = XCConfigurationList;
			buildConfigurations = (
				2ED0C0F2173AF34D00661DF7 /* Debug */,
				2ED0C0F3173AF34D00661DF7 /* Release */,
			);
			defaultConfigurationIsVisible = 0;
			defaultConfigurationName = Release;
		};
		2ED0C0F4173AF34D00661DF7 /* Build configuration list for PBXNativeTarget "DoctorsBreak" */ = {
			isa = XCConfigurationList;
			buildConfigurations = (
				2ED0C0F5173AF34D00661DF7 /* Debug */,
				2ED0C0F6173AF34D00661DF7 /* Release */,
			);
			defaultConfigurationIsVisible = 0;
			defaultConfigurationName = Release;
		};
/* End XCConfigurationList section */
	};
	rootObject = 2ED0C0BE173AF34D00661DF7 /* Project object */;
}
